
Microsoft Visual Studio Solution File, Format Version 12.00
# Visual Studio Version 17
VisualStudioVersion = 17.3.32901.215
MinimumVisualStudioVersion = 10.0.40219.1
Project("{FAE04EC0-301F-11D3-BF4B-00C04F79EFBC}") = "UnitTestProject2", "UnitTestProject2\UnitTestProject2.csproj", "{636859CF-0626-4E69-85AA-60F4984D1A92}"
EndProject
Global
	GlobalSection(SolutionConfigurationPlatforms) = preSolution
		Debug|Any CPU = Debug|Any CPU
		Release|Any CPU = Release|Any CPU
	EndGlobalSection
	GlobalSection(ProjectConfigurationPlatforms) = postSolution
		{636859CF-0626-4E69-85AA-60F4984D1A92}.Debug|Any CPU.ActiveCfg = Debug|Any CPU
		{636859CF-0626-4E69-85AA-60F4984D1A92}.Debug|Any CPU.Build.0 = Debug|Any CPU
		{636859CF-0626-4E69-85AA-60F4984D1A92}.Release|Any CPU.ActiveCfg = Release|Any CPU
		{636859CF-0626-4E69-85AA-60F4984D1A92}.Release|Any CPU.Build.0 = Release|Any CPU
	EndGlobalSection
	GlobalSection(SolutionProperties) = preSolution
		HideSolutionNode = FALSE
	EndGlobalSection
	GlobalSection(ExtensibilityGlobals) = postSolution
		SolutionGuid = {C0EFE422-A56E-468E-B4C2-3D47D9C783D2}
	EndGlobalSection
EndGlobal
